
Microsoft Visual Studio Solution File, Format Version 12.00
# Visual Studio Version 17
VisualStudioVersion = 17.6.33829.357
MinimumVisualStudioVersion = 10.0.40219.1
Project("{2150E333-8FDC-42A3-9474-1A3956D46DE8}") = "src", "src", "{75A8DBED-6A6F-4B3C-A1A5-36E023632FAC}"
EndProject
Project("{2150E333-8FDC-42A3-9474-1A3956D46DE8}") = "test", "test", "{3D726904-F423-4A76-BB11-39D4A49FE8E3}"
EndProject
Project("{2150E333-8FDC-42A3-9474-1A3956D46DE8}") = "Infrastructure", "Infrastructure", "{1040C912-F9A5-491C-AAB3-99EB2D4433AC}"
EndProject
Project("{2150E333-8FDC-42A3-9474-1A3956D46DE8}") = "UI", "UI", "{55CCC326-E12D-4063-9DF6-515A72701F5A}"
EndProject
Project("{2150E333-8FDC-42A3-9474-1A3956D46DE8}") = "API", "API", "{19E9ED30-FD0F-428B-90F1-C4E413AEEAAF}"
EndProject
Project("{2150E333-8FDC-42A3-9474-1A3956D46DE8}") = "Core", "Core", "{965B1516-FF4D-47B3-804B-A34E2326814A}"
EndProject
Project("{9A19103F-16F7-4668-BE54-9A1E7A4F7556}") = "HR.LeaveManagement.Domain", "HR.LeaveManagement.Domain\HR.LeaveManagement.Domain.csproj", "{A7AA92F4-926B-4D01-A1A5-4C3E7E5F4EDA}"
EndProject
Project("{9A19103F-16F7-4668-BE54-9A1E7A4F7556}") = "HR.LeaveManagement.Application", "HR.LeaveManagement.Application\HR.LeaveManagement.Application.csproj", "{C4E533C0-B48D-41E8-B3C5-D54DE1E6E59A}"
EndProject
Project("{9A19103F-16F7-4668-BE54-9A1E7A4F7556}") = "HR_LeaveManagement.Persistence", "HR_LeaveManagement.Persistence\HR_LeaveManagement.Persistence.csproj", "{077380B7-C678-4C1D-8C9B-6E600B6D08E8}"
EndProject
Project("{9A19103F-16F7-4668-BE54-9A1E7A4F7556}") = "HR.LeaveManagement.Infrastructure", "HR.LeaveManagement.Infrastructure\HR.LeaveManagement.Infrastructure.csproj", "{7CA0AA59-DD3A-4F35-84D6-8BC2F317DF1D}"
EndProject
Project("{9A19103F-16F7-4668-BE54-9A1E7A4F7556}") = "HR.LeaveManagement.Api", "HR.LeaveManagement.Api\HR.LeaveManagement.Api.csproj", "{3CF93292-F56A-4713-8153-6CD096C2720F}"
EndProject
Project("{FAE04EC0-301F-11D3-BF4B-00C04F79EFBC}") = "HRLeaveManagement.Application.UnitTests", "HRLeaveManagement.Application.UnitTests\HRLeaveManagement.Application.UnitTests.csproj", "{63CA02AE-AF48-4BBE-87B6-AF95D195F4FA}"
EndProject
Global
	GlobalSection(SolutionConfigurationPlatforms) = preSolution
		Debug|Any CPU = Debug|Any CPU
		Release|Any CPU = Release|Any CPU
	EndGlobalSection
	GlobalSection(ProjectConfigurationPlatforms) = postSolution
		{A7AA92F4-926B-4D01-A1A5-4C3E7E5F4EDA}.Debug|Any CPU.ActiveCfg = Debug|Any CPU
		{A7AA92F4-926B-4D01-A1A5-4C3E7E5F4EDA}.Debug|Any CPU.Build.0 = Debug|Any CPU
		{A7AA92F4-926B-4D01-A1A5-4C3E7E5F4EDA}.Release|Any CPU.ActiveCfg = Release|Any CPU
		{A7AA92F4-926B-4D01-A1A5-4C3E7E5F4EDA}.Release|Any CPU.Build.0 = Release|Any CPU
		{C4E533C0-B48D-41E8-B3C5-D54DE1E6E59A}.Debug|Any CPU.ActiveCfg = Debug|Any CPU
		{C4E533C0-B48D-41E8-B3C5-D54DE1E6E59A}.Debug|Any CPU.Build.0 = Debug|Any CPU
		{C4E533C0-B48D-41E8-B3C5-D54DE1E6E59A}.Release|Any CPU.ActiveCfg = Release|Any CPU
		{C4E533C0-B48D-41E8-B3C5-D54DE1E6E59A}.Release|Any CPU.Build.0 = Release|Any CPU
		{077380B7-C678-4C1D-8C9B-6E600B6D08E8}.Debug|Any CPU.ActiveCfg = Debug|Any CPU
		{077380B7-C678-4C1D-8C9B-6E600B6D08E8}.Debug|Any CPU.Build.0 = Debug|Any CPU
		{077380B7-C678-4C1D-8C9B-6E600B6D08E8}.Release|Any CPU.ActiveCfg = Release|Any CPU
		{077380B7-C678-4C1D-8C9B-6E600B6D08E8}.Release|Any CPU.Build.0 = Release|Any CPU
		{7CA0AA59-DD3A-4F35-84D6-8BC2F317DF1D}.Debug|Any CPU.ActiveCfg = Debug|Any CPU
		{7CA0AA59-DD3A-4F35-84D6-8BC2F317DF1D}.Debug|Any CPU.Build.0 = Debug|Any CPU
		{7CA0AA59-DD3A-4F35-84D6-8BC2F317DF1D}.Release|Any CPU.ActiveCfg = Release|Any CPU
		{7CA0AA59-DD3A-4F35-84D6-8BC2F317DF1D}.Release|Any CPU.Build.0 = Release|Any CPU
		{3CF93292-F56A-4713-8153-6CD096C2720F}.Debug|Any CPU.ActiveCfg = Debug|Any CPU
		{3CF93292-F56A-4713-8153-6CD096C2720F}.Debug|Any CPU.Build.0 = Debug|Any CPU
		{3CF93292-F56A-4713-8153-6CD096C2720F}.Release|Any CPU.ActiveCfg = Release|Any CPU
		{3CF93292-F56A-4713-8153-6CD096C2720F}.Release|Any CPU.Build.0 = Release|Any CPU
		{63CA02AE-AF48-4BBE-87B6-AF95D195F4FA}.Debug|Any CPU.ActiveCfg = Debug|Any CPU
		{63CA02AE-AF48-4BBE-87B6-AF95D195F4FA}.Debug|Any CPU.Build.0 = Debug|Any CPU
		{63CA02AE-AF48-4BBE-87B6-AF95D195F4FA}.Release|Any CPU.ActiveCfg = Release|Any CPU
		{63CA02AE-AF48-4BBE-87B6-AF95D195F4FA}.Release|Any CPU.Build.0 = Release|Any CPU
	EndGlobalSection
	GlobalSection(SolutionProperties) = preSolution
		HideSolutionNode = FALSE
	EndGlobalSection
	GlobalSection(NestedProjects) = preSolution
		{1040C912-F9A5-491C-AAB3-99EB2D4433AC} = {75A8DBED-6A6F-4B3C-A1A5-36E023632FAC}
		{55CCC326-E12D-4063-9DF6-515A72701F5A} = {75A8DBED-6A6F-4B3C-A1A5-36E023632FAC}
		{19E9ED30-FD0F-428B-90F1-C4E413AEEAAF} = {75A8DBED-6A6F-4B3C-A1A5-36E023632FAC}
		{965B1516-FF4D-47B3-804B-A34E2326814A} = {75A8DBED-6A6F-4B3C-A1A5-36E023632FAC}
		{A7AA92F4-926B-4D01-A1A5-4C3E7E5F4EDA} = {965B1516-FF4D-47B3-804B-A34E2326814A}
		{C4E533C0-B48D-41E8-B3C5-D54DE1E6E59A} = {965B1516-FF4D-47B3-804B-A34E2326814A}
		{077380B7-C678-4C1D-8C9B-6E600B6D08E8} = {1040C912-F9A5-491C-AAB3-99EB2D4433AC}
		{7CA0AA59-DD3A-4F35-84D6-8BC2F317DF1D} = {1040C912-F9A5-491C-AAB3-99EB2D4433AC}
		{3CF93292-F56A-4713-8153-6CD096C2720F} = {19E9ED30-FD0F-428B-90F1-C4E413AEEAAF}
		{63CA02AE-AF48-4BBE-87B6-AF95D195F4FA} = {3D726904-F423-4A76-BB11-39D4A49FE8E3}
	EndGlobalSection
	GlobalSection(ExtensibilityGlobals) = postSolution
		SolutionGuid = {0C9D89C1-FDC5-43CF-A170-3EA69DB27F27}
	EndGlobalSection
EndGlobal
